
Microsoft Visual Studio Solution File, Format Version 12.00
# Visual Studio Version 17
VisualStudioVersion = 17.9.34616.47
MinimumVisualStudioVersion = 10.0.40219.1
Project("{FAE04EC0-301F-11D3-BF4B-00C04F79EFBC}") = "DataVision.Server", "DataVision.Server\DataVision.Server.csproj", "{4ECDE448-C96F-42CA-8FFB-E5210F44CC95}"
EndProject
Project("{54A90642-561A-4BB1-A94E-469ADEE60C69}") = "datavision.client", "datavision.client\datavision.client.esproj", "{6FBE2A05-A334-4EF1-87C2-8428F70BD57D}"
EndProject
Global
	GlobalSection(SolutionConfigurationPlatforms) = preSolution
		Debug|Any CPU = Debug|Any CPU
		Release|Any CPU = Release|Any CPU
	EndGlobalSection
	GlobalSection(ProjectConfigurationPlatforms) = postSolution
		{4ECDE448-C96F-42CA-8FFB-E5210F44CC95}.Debug|Any CPU.ActiveCfg = Debug|Any CPU
		{4ECDE448-C96F-42CA-8FFB-E5210F44CC95}.Debug|Any CPU.Build.0 = Debug|Any CPU
		{4ECDE448-C96F-42CA-8FFB-E5210F44CC95}.Release|Any CPU.ActiveCfg = Release|Any CPU
		{4ECDE448-C96F-42CA-8FFB-E5210F44CC95}.Release|Any CPU.Build.0 = Release|Any CPU
		{6FBE2A05-A334-4EF1-87C2-8428F70BD57D}.Debug|Any CPU.ActiveCfg = Debug|Any CPU
		{6FBE2A05-A334-4EF1-87C2-8428F70BD57D}.Debug|Any CPU.Build.0 = Debug|Any CPU
		{6FBE2A05-A334-4EF1-87C2-8428F70BD57D}.Debug|Any CPU.Deploy.0 = Debug|Any CPU
		{6FBE2A05-A334-4EF1-87C2-8428F70BD57D}.Release|Any CPU.ActiveCfg = Release|Any CPU
		{6FBE2A05-A334-4EF1-87C2-8428F70BD57D}.Release|Any CPU.Build.0 = Release|Any CPU
		{6FBE2A05-A334-4EF1-87C2-8428F70BD57D}.Release|Any CPU.Deploy.0 = Release|Any CPU
	EndGlobalSection
	GlobalSection(SolutionProperties) = preSolution
		HideSolutionNode = FALSE
	EndGlobalSection
	GlobalSection(ExtensibilityGlobals) = postSolution
		SolutionGuid = {71293686-8D8D-41DE-ACA7-E12ED141076A}
	EndGlobalSection
EndGlobal
